
Microsoft Visual Studio Solution File, Format Version 12.00
# Visual Studio 15
VisualStudioVersion = 15.0.28307.1231
MinimumVisualStudioVersion = 10.0.40219.1
Project("{FAE04EC0-301F-11D3-BF4B-00C04F79EFBC}") = "BuscarCEP", "ConsoleApp1\BuscarCEP.csproj", "{A10618B5-F1B6-4630-9BE6-500C7E32B970}"
EndProject
Global
	GlobalSection(SolutionConfigurationPlatforms) = preSolution
		Debug|Any CPU = Debug|Any CPU
		Release|Any CPU = Release|Any CPU
	EndGlobalSection
	GlobalSection(ProjectConfigurationPlatforms) = postSolution
		{A10618B5-F1B6-4630-9BE6-500C7E32B970}.Debug|Any CPU.ActiveCfg = Debug|Any CPU
		{A10618B5-F1B6-4630-9BE6-500C7E32B970}.Debug|Any CPU.Build.0 = Debug|Any CPU
		{A10618B5-F1B6-4630-9BE6-500C7E32B970}.Release|Any CPU.ActiveCfg = Release|Any CPU
		{A10618B5-F1B6-4630-9BE6-500C7E32B970}.Release|Any CPU.Build.0 = Release|Any CPU
	EndGlobalSection
	GlobalSection(SolutionProperties) = preSolution
		HideSolutionNode = FALSE
	EndGlobalSection
	GlobalSection(ExtensibilityGlobals) = postSolution
		SolutionGuid = {50A55FDA-8E47-4737-B8F5-D25F9B86178B}
	EndGlobalSection
EndGlobal
